
Microsoft Visual Studio Solution File, Format Version 12.00
# Visual Studio Version 17
VisualStudioVersion = 17.5.002.0
MinimumVisualStudioVersion = 10.0.40219.1
Project("{9A19103F-16F7-4668-BE54-9A1E7A4F7556}") = "DesafioFundamentos", "DesafioFundamentos.csproj", "{EB5DD31B-B136-4F44-A484-F346EF9E4A02}"
EndProject
Global
	GlobalSection(SolutionConfigurationPlatforms) = preSolution
		Debug|Any CPU = Debug|Any CPU
		Release|Any CPU = Release|Any CPU
	EndGlobalSection
	GlobalSection(ProjectConfigurationPlatforms) = postSolution
		{EB5DD31B-B136-4F44-A484-F346EF9E4A02}.Debug|Any CPU.ActiveCfg = Debug|Any CPU
		{EB5DD31B-B136-4F44-A484-F346EF9E4A02}.Debug|Any CPU.Build.0 = Debug|Any CPU
		{EB5DD31B-B136-4F44-A484-F346EF9E4A02}.Release|Any CPU.ActiveCfg = Release|Any CPU
		{EB5DD31B-B136-4F44-A484-F346EF9E4A02}.Release|Any CPU.Build.0 = Release|Any CPU
	EndGlobalSection
	GlobalSection(SolutionProperties) = preSolution
		HideSolutionNode = FALSE
	EndGlobalSection
	GlobalSection(ExtensibilityGlobals) = postSolution
		SolutionGuid = {E740FF26-2C1B-480B-A46F-991636D852AC}
	EndGlobalSection
EndGlobal
